github.com/ChristopherDavenport/agentmemory v0.0.10 h1:LH/PN+ujmawwhUesRVPugpZLz9iav2ARYNJ68pWQo5E=
github.com/ChristopherDavenport/agentmemory v0.0.10/go.mod h1:Eh0ed0u/Xg/olppz+8yiz2LEiFFn0eVP8pc/VmGWp7w=
github.com/ChristopherDavenport/agentpolicy v0.0.12 h1:K37BuaItMiSPPJ+KijczjCehB/ZsRAQUkoOhtT6rBT4=
github.com/ChristopherDavenport/agentpolicy v0.0.12/go.mod h1:1dKpcoz3wVjn5WwC+vDw6rL1vKvHuyTk4m2003rD4tQ=
github.com/ChristopherDavenport/agentsession v0.0.20 h1:XYEE3EEX0wXskj2AxaxNbJEmk/T8bK6H3DO/tK19Px4=
github.com/ChristopherDavenport/agentsession v0.0.20/go.mod h1:lZf8gypPbx95D867i491HRT0OXyX6B8S5wM8zS4YzOA=
github.com/ChristopherDavenport/agentskill v0.0.11 h1:bUwoE2in3wo7j5x6czne3coO0hsucjkRnSPE+gHVp/Y=
github.com/ChristopherDavenport/agentskill v0.0.11/go.mod h1:O8GghyLsZFay2fbCsd97G/y8Dx5tcepa2LtK5IJDFlY=
github.com/ChristopherDavenport/agentsmd v0.0.3 h1:l3moYkzUJdkFUVdjHF/oSSrIUE2Iwnw4dPgJXQf9fBg=
github.com/ChristopherDavenport/agentsmd v0.0.3/go.mod h1:8rJe3f3gD51Fy6EQsf0gFXo8wf0qsSdDZnjo0r8W9Yk=
github.com/ChristopherDavenport/agenttool v0.0.22 h1:5+c/vKGmQumNM6MAWFlZETV4EsxpkmFwuGk8m37YcZo=
github.com/ChristopherDavenport/agenttool v0.0.22/go.mod h1:G9b+XRWx2+fQJGhGLXzcoRLNb5EVLTRJY71++GzTia0=
github.com/ChristopherDavenport/agenttool/mcpclient v0.0.22 h1:5glv1FFZHJIIkdS1IMEHFHZEf/MqKgCAL/9Osan124E=
github.com/ChristopherDavenport/agenttool/mcpclient v0.0.22/go.mod h1:o9hD+GULy4WZrG6vVHKeGpmg8bFOmCcpIDBso8z7oVA=
github.com/ChristopherDavenport/agentturn v0.0.19 h1:Wl6MtR6BpbUojkwneamjSyHApxcmyOoHhwBCENdqw+4=
github.com/ChristopherDavenport/agentturn v0.0.19/go.mod h1:a14LBYiFAWIk34qWjsBGZl/TBMfvkaYl8/9QwSN/KlY=
github.com/ChristopherDavenport/agentturn/front/a2a v0.0.16 h1:/aAO426coprIkK/U9W331RL6eaYG8XwijI3CfcO1Hjk=
github.com/ChristopherDavenport/agentturn/front/a2a v0.0.16/go.mod h1:U3TFgPwivA5FM1JTo64KzNkA/sGH1cRnCBtRirG3yoQ=
github.com/ChristopherDavenport/agentturn/session v0.0.19 h1:2/SfZKYfqI88YbYCHJRV6u2o1o3uW5Ab4lsosHAlrJk=
github.com/ChristopherDavenport/agentturn/session v0.0.19/go.mod h1:WM3FzNbCJsNtIj/CYnD7U2au2C3nNozWokYpZd/G5Ds=
github.com/ChristopherDavenport/agentturn/tools/a2a v0.0.16 h1:KSq02mS1MZplDe/zOHC366m8XjHxXaW4FOxYBc94mL0=
github.com/ChristopherDavenport/agentturn/tools/a2a v0.0.16/go.mod h1:65DiHmvSwJufRVQrO81dMjKxyabaFYgTW5RTbLxdBVc=
github.com/ChristopherDavenport/openresponses v0.0.14 h1:ZoKjMNZRJgyNkZqJQu86y+E15gGKiJfn1mIwCy7HnMk=
github.com/ChristopherDavenport/openresponses v0.0.14/go.mod h1:oZT6GCySXw3+vL5LzrJrRI5qagBumqvwDZdp6Kr++a8=
github.com/a2aproject/a2a-go v0.3.15 h1:h5YpCiPq3jxQ5rIns7oDjPag3ivP8u817AzdA4F+NiI=
github.com/a2aproject/a2a-go v0.3.15/go.mod h1:I7Cm+a1oL+UT6zMoP+roaRE5vdfUa1iQGVN8aSOuZ0I=
github.com/golang-jwt/jwt/v5 v5.3.1 h1:kYf81DTWFe7t+1VvL7eS+jKFVWaUnK9cB1qbwn63YCY=
github.com/golang-jwt/jwt/v5 v5.3.1/go.mod h1:fxCRLWMO43lRc8nhHWY6LGqRcf+1gQWArsqaEUEa5bE=
github.com/golang/protobuf v1.5.4 h1:i7eJL8qZTpSEXOPTxNKhASYpMn+8e5Q6AdndVa1dWek=
github.com/golang/protobuf v1.5.4/go.mod h1:lnTiLA8Wa4RWRcIUkrtSVa5nRhsEGBg48fD6rSs7xps=
github.com/google/go-cmp v0.7.0 h1:wk8382ETsv4JYUZwIsn6YpYiWiBsYLSJiTsyBybVuN8=
github.com/google/go-cmp v0.7.0/go.mod h1:pXiqmnSA92OHEEa9HXL2W4E7lf9JzCmGVUdgjX3N/iU=
github.com/google/jsonschema-go v0.4.3 h1:/DBOLZTfDow7pe2GmaJNhltueGTtDKICi8V8p+DQPd0=
github.com/google/jsonschema-go v0.4.3/go.mod h1:r5quNTdLOYEz95Ru18zA0ydNbBuYoo9tgaYcxEYhJVE=
github.com/google/uuid v1.6.0 h1:NIvaJDMOsjHA8n1jAhLSgzrAzy1Hgr+hNrb57e+94F0=
github.com/google/uuid v1.6.0/go.mod h1:TIyPZe4MgqvfeYDBFedMoGGpEw/LqOeaOT+nhxU+yHo=
github.com/modelcontextprotocol/go-sdk v1.8.0 h1:KIvahhYqwtbeniWVPs3TcXEA7b8jEtwfBpOTAI+Urx4=
github.com/modelcontextprotocol/go-sdk v1.8.0/go.mod h1:dL7u98E/zjJTGzEq+j30jQ8K2k1mb6LeAH4inEcSGts=
github.com/segmentio/asm v1.1.3 h1:WM03sfUOENvvKexOLp+pCqgb/WDjsi7EK8gIsICtzhc=
github.com/segmentio/asm v1.1.3/go.mod h1:Ld3L4ZXGNcSLRg4JBsZ3//1+f/TjYl0Mzen/DQy1EJg=
github.com/segmentio/encoding v0.5.4 h1:OW1VRern8Nw6ITAtwSZ7Idrl3MXCFwXHPgqESYfvNt0=
github.com/segmentio/encoding v0.5.4/go.mod h1:HS1ZKa3kSN32ZHVZ7ZLPLXWvOVIiZtyJnO1gPH1sKt0=
github.com/yosida95/uritemplate/v3 v3.0.2 h1:Ed3Oyj9yrmi9087+NczuL5BwkIc4wvTb5zIM+UJPGz4=
github.com/yosida95/uritemplate/v3 v3.0.2/go.mod h1:ILOh0sOhIJR3+L/8afwt/kE++YT040gmv5BQTMR2HP4=
go.yaml.in/yaml/v3 v3.0.5 h1:N6y/pJk8buWs9NY5ERU2HSMfm+IuD/OtfdAnq6kESPw=
go.yaml.in/yaml/v3 v3.0.5/go.mod h1:HVTZu1O7/Vkt2N+BFy8Zza+lnLsABggaTM2ZpNIGuKg=
golang.org/x/net v0.60.0 h1:79p50tfZlm0J9YfoDsSi639qSXNGVwEzOPLCxM2FsYU=
golang.org/x/net v0.60.0/go.mod h1:2DA/G1UfVbCpQPeWTmMPGY7Cs2PkBkwu743bVX5PIVg=
golang.org/x/oauth2 v0.36.0 h1:peZ/1z27fi9hUOFCAZaHyrpWG5lwe0RJEEEeH0ThlIs=
golang.org/x/oauth2 v0.36.0/go.mod h1:YDBUJMTkDnJS+A4BP4eZBjCqtokkg1hODuPjwiGPO7Q=
golang.org/x/sync v0.23.0 h1:KameEIfc1IkluZyXWLn39Wd4tURc6GbCiISGiZm2bQk=
golang.org/x/sync v0.23.0/go.mod h1:sUUOizhqBxiL6pEWpqNLUiaJn1ShEbZ6BBqskPbjZm0=
golang.org/x/sys v0.48.0 h1:bbX/i/6MgT9BVLM9RT1thmxL04yeTAhbEz4SyadbXoo=
golang.org/x/sys v0.48.0/go.mod h1:hNLxWAXmnKAxqDtdwIYC4bM9oQPEecfsnNMuSxOs3og=
golang.org/x/text v0.42.0 h1:JbOZXgfeCPU9gacVtYliJqOhD+zhrEqK4LfdpmlUZqI=
golang.org/x/text v0.42.0/go.mod h1:ojzP1Z+2QtioaF8DTtO8K5q7JWVVYwZKenzujK0Zd0E=
golang.org/x/time v0.15.0 h1:bbrp8t3bGUeFOx08pvsMYRTCVSMk89u4tKbNOZbp88U=
golang.org/x/time v0.15.0/go.mod h1:Y4YMaQmXwGQZoFaVFk4YpCt4FLQMYKZe9oeV/f4MSno=
golang.org/x/tools v0.49.0 h1:3NI7VXzL9+1WZD52Dx2ttoPwD5DWrFGpl9mFZDlmisI=
golang.org/x/tools v0.49.0/go.mod h1:SJNXV9DBKT0UbdttsQjbfJlAE/q+y36++zo3uL3N0Oo=
gonum.org/v1/gonum v0.17.0 h1:VbpOemQlsSMrYmn7T2OUvQ4dqxQXU+ouZFQsZOx50z4=
gonum.org/v1/gonum v0.17.0/go.mod h1:El3tOrEuMpv2UdMrbNlKEh9vd86bmQ6vqIcDwxEOc1E=
google.golang.org/genproto/googleapis/api v0.0.0-20260706201446-f0a921348800 h1:admdQBe8jR3VWhBsUrAOaF2Qw6K/+p5pSm1GN8+6Fw4=
google.golang.org/genproto/googleapis/api v0.0.0-20260706201446-f0a921348800/go.mod h1:FPk7EXUKMtImne7AmknoYjT4QXqKIzzRbeQIXzLk6fQ=
google.golang.org/genproto/googleapis/rpc v0.0.0-20260706201446-f0a921348800 h1:qEHAMpSaUhtD0p3NbEEI83HwNGFxEwaSJ1G9PLnCBZE=
google.golang.org/genproto/googleapis/rpc v0.0.0-20260706201446-f0a921348800/go.mod h1:4Hqkh8ycfw05ld/3BWL7rJOSfebL2Q+DVDeRgYgxUU8=
google.golang.org/grpc v1.84.0 h1:soMyaPJ8pAak5PIQ0DGBUir0XRo2fRoMqhNWMLlLxO0=
google.golang.org/grpc v1.84.0/go.mod h1:ljCht0DrxQrXBDRTZp52Qxh3Ffk8CdYm2sj4O2QN2C0=
google.golang.org/protobuf v1.36.11 h1:fV6ZwhNocDyBLK0dj+fg8ektcVegBBuEolpbTQyBNVE=
google.golang.org/protobuf v1.36.11/go.mod h1:HTf+CrKn2C3g5S8VImy6tdcUvCska2kB7j23XfzDpco=
