github.com/ChristopherDavenport/agentmemory v0.0.10 h1:LH/PN+ujmawwhUesRVPugpZLz9iav2ARYNJ68pWQo5E=
github.com/ChristopherDavenport/agentmemory v0.0.10/go.mod h1:Eh0ed0u/Xg/olppz+8yiz2LEiFFn0eVP8pc/VmGWp7w=
github.com/ChristopherDavenport/agentpolicy v0.0.12 h1:K37BuaItMiSPPJ+KijczjCehB/ZsRAQUkoOhtT6rBT4=
github.com/ChristopherDavenport/agentpolicy v0.0.12/go.mod h1:1dKpcoz3wVjn5WwC+vDw6rL1vKvHuyTk4m2003rD4tQ=
github.com/ChristopherDavenport/agentsession v0.0.20 h1:XYEE3EEX0wXskj2AxaxNbJEmk/T8bK6H3DO/tK19Px4=
github.com/ChristopherDavenport/agentsession v0.0.20/go.mod h1:lZf8gypPbx95D867i491HRT0OXyX6B8S5wM8zS4YzOA=
github.com/ChristopherDavenport/agentskill v0.0.11 h1:bUwoE2in3wo7j5x6czne3coO0hsucjkRnSPE+gHVp/Y=
github.com/ChristopherDavenport/agentskill v0.0.11/go.mod h1:O8GghyLsZFay2fbCsd97G/y8Dx5tcepa2LtK5IJDFlY=
github.com/ChristopherDavenport/agentsmd v0.0.3 h1:l3moYkzUJdkFUVdjHF/oSSrIUE2Iwnw4dPgJXQf9fBg=
github.com/ChristopherDavenport/agentsmd v0.0.3/go.mod h1:8rJe3f3gD51Fy6EQsf0gFXo8wf0qsSdDZnjo0r8W9Yk=
github.com/ChristopherDavenport/agenttool v0.0.22 h1:5+c/vKGmQumNM6MAWFlZETV4EsxpkmFwuGk8m37YcZo=
github.com/ChristopherDavenport/agenttool v0.0.22/go.mod h1:G9b+XRWx2+fQJGhGLXzcoRLNb5EVLTRJY71++GzTia0=
github.com/ChristopherDavenport/agenttool/mcpclient v0.0.22 h1:5glv1FFZHJIIkdS1IMEHFHZEf/MqKgCAL/9Osan124E=
github.com/ChristopherDavenport/agenttool/mcpclient v0.0.22/go.mod h1:o9hD+GULy4WZrG6vVHKeGpmg8bFOmCcpIDBso8z7oVA=
github.com/ChristopherDavenport/agentturn v0.0.19 h1:Wl6MtR6BpbUojkwneamjSyHApxcmyOoHhwBCENdqw+4=
github.com/ChristopherDavenport/agentturn v0.0.19/go.mod h1:a14LBYiFAWIk34qWjsBGZl/TBMfvkaYl8/9QwSN/KlY=
github.com/ChristopherDavenport/agentturn/session v0.0.19 h1:2/SfZKYfqI88YbYCHJRV6u2o1o3uW5Ab4lsosHAlrJk=
github.com/ChristopherDavenport/agentturn/session v0.0.19/go.mod h1:WM3FzNbCJsNtIj/CYnD7U2au2C3nNozWokYpZd/G5Ds=
github.com/ChristopherDavenport/openresponses v0.0.14 h1:ZoKjMNZRJgyNkZqJQu86y+E15gGKiJfn1mIwCy7HnMk=
github.com/ChristopherDavenport/openresponses v0.0.14/go.mod h1:oZT6GCySXw3+vL5LzrJrRI5qagBumqvwDZdp6Kr++a8=
github.com/golang-jwt/jwt/v5 v5.3.1 h1:kYf81DTWFe7t+1VvL7eS+jKFVWaUnK9cB1qbwn63YCY=
github.com/golang-jwt/jwt/v5 v5.3.1/go.mod h1:fxCRLWMO43lRc8nhHWY6LGqRcf+1gQWArsqaEUEa5bE=
github.com/google/go-cmp v0.7.0 h1:wk8382ETsv4JYUZwIsn6YpYiWiBsYLSJiTsyBybVuN8=
github.com/google/go-cmp v0.7.0/go.mod h1:pXiqmnSA92OHEEa9HXL2W4E7lf9JzCmGVUdgjX3N/iU=
github.com/google/jsonschema-go v0.4.3 h1:/DBOLZTfDow7pe2GmaJNhltueGTtDKICi8V8p+DQPd0=
github.com/google/jsonschema-go v0.4.3/go.mod h1:r5quNTdLOYEz95Ru18zA0ydNbBuYoo9tgaYcxEYhJVE=
github.com/modelcontextprotocol/go-sdk v1.8.0 h1:KIvahhYqwtbeniWVPs3TcXEA7b8jEtwfBpOTAI+Urx4=
github.com/modelcontextprotocol/go-sdk v1.8.0/go.mod h1:dL7u98E/zjJTGzEq+j30jQ8K2k1mb6LeAH4inEcSGts=
github.com/segmentio/asm v1.1.3 h1:WM03sfUOENvvKexOLp+pCqgb/WDjsi7EK8gIsICtzhc=
github.com/segmentio/asm v1.1.3/go.mod h1:Ld3L4ZXGNcSLRg4JBsZ3//1+f/TjYl0Mzen/DQy1EJg=
github.com/segmentio/encoding v0.5.4 h1:OW1VRern8Nw6ITAtwSZ7Idrl3MXCFwXHPgqESYfvNt0=
github.com/segmentio/encoding v0.5.4/go.mod h1:HS1ZKa3kSN32ZHVZ7ZLPLXWvOVIiZtyJnO1gPH1sKt0=
github.com/yosida95/uritemplate/v3 v3.0.2 h1:Ed3Oyj9yrmi9087+NczuL5BwkIc4wvTb5zIM+UJPGz4=
github.com/yosida95/uritemplate/v3 v3.0.2/go.mod h1:ILOh0sOhIJR3+L/8afwt/kE++YT040gmv5BQTMR2HP4=
go.yaml.in/yaml/v3 v3.0.5 h1:N6y/pJk8buWs9NY5ERU2HSMfm+IuD/OtfdAnq6kESPw=
go.yaml.in/yaml/v3 v3.0.5/go.mod h1:HVTZu1O7/Vkt2N+BFy8Zza+lnLsABggaTM2ZpNIGuKg=
golang.org/x/oauth2 v0.35.0 h1:Mv2mzuHuZuY2+bkyWXIHMfhNdJAdwW3FuWeCPYN5GVQ=
golang.org/x/oauth2 v0.35.0/go.mod h1:lzm5WQJQwKZ3nwavOZ3IS5Aulzxi68dUSgRHujetwEA=
golang.org/x/sync v0.20.0 h1:e0PTpb7pjO8GAtTs2dQ6jYa5BWYlMuX047Dco/pItO4=
golang.org/x/sync v0.20.0/go.mod h1:9xrNwdLfx4jkKbNva9FpL6vEN7evnE43NNNJQ2LF3+0=
golang.org/x/sys v0.44.0 h1:ildZl3J4uzeKP07r2F++Op7E9B29JRUy+a27EibtBTQ=
golang.org/x/sys v0.44.0/go.mod h1:4GL1E5IUh+htKOUEOaiffhrAeqysfVGipDYzABqnCmw=
golang.org/x/time v0.15.0 h1:bbrp8t3bGUeFOx08pvsMYRTCVSMk89u4tKbNOZbp88U=
golang.org/x/time v0.15.0/go.mod h1:Y4YMaQmXwGQZoFaVFk4YpCt4FLQMYKZe9oeV/f4MSno=
golang.org/x/tools v0.42.0 h1:uNgphsn75Tdz5Ji2q36v/nsFSfR/9BRFvqhGBaJGd5k=
golang.org/x/tools v0.42.0/go.mod h1:Ma6lCIwGZvHK6XtgbswSoWroEkhugApmsXyrUmBhfr0=
